
Microsoft Visual Studio Solution File, Format Version 12.00
# Visual Studio Version 17
VisualStudioVersion = 17.0.31903.59
MinimumVisualStudioVersion = 10.0.40219.1
Project("{2150E333-8FDC-42A3-9474-1A3956D46DE8}") = "src", "src", "{D225B267-D35D-4782-B5C0-8DB497D83202}"
EndProject
Project("{FAE04EC0-301F-11D3-BF4B-00C04F79EFBC}") = "WinterholdDataAccess", "src\WinterholdDataAccess\WinterholdDataAccess.csproj", "{DB6F6E5D-101C-4EBE-B7D6-8C4A0B53416C}"
EndProject
Project("{FAE04EC0-301F-11D3-BF4B-00C04F79EFBC}") = "WinterholdWeb", "src\WinterholdWeb\WinterholdWeb.csproj", "{467E2654-648B-4097-8D4D-657883A021EE}"
EndProject
Project("{FAE04EC0-301F-11D3-BF4B-00C04F79EFBC}") = "WinterholdBusiness", "src\WinterholdBusiness\WinterholdBusiness.csproj", "{424844D2-259F-4D50-A230-7046C0E882F1}"
EndProject
Project("{FAE04EC0-301F-11D3-BF4B-00C04F79EFBC}") = "WinterholdAPI", "src\WinterholdAPI\WinterholdAPI.csproj", "{E3AD6B52-1F6C-4E21-93AC-62D73DE46FC8}"
EndProject
Global
	GlobalSection(SolutionConfigurationPlatforms) = preSolution
		Debug|Any CPU = Debug|Any CPU
		Release|Any CPU = Release|Any CPU
	EndGlobalSection
	GlobalSection(SolutionProperties) = preSolution
		HideSolutionNode = FALSE
	EndGlobalSection
	GlobalSection(ProjectConfigurationPlatforms) = postSolution
		{DB6F6E5D-101C-4EBE-B7D6-8C4A0B53416C}.Debug|Any CPU.ActiveCfg = Debug|Any CPU
		{DB6F6E5D-101C-4EBE-B7D6-8C4A0B53416C}.Debug|Any CPU.Build.0 = Debug|Any CPU
		{DB6F6E5D-101C-4EBE-B7D6-8C4A0B53416C}.Release|Any CPU.ActiveCfg = Release|Any CPU
		{DB6F6E5D-101C-4EBE-B7D6-8C4A0B53416C}.Release|Any CPU.Build.0 = Release|Any CPU
		{467E2654-648B-4097-8D4D-657883A021EE}.Debug|Any CPU.ActiveCfg = Debug|Any CPU
		{467E2654-648B-4097-8D4D-657883A021EE}.Debug|Any CPU.Build.0 = Debug|Any CPU
		{467E2654-648B-4097-8D4D-657883A021EE}.Release|Any CPU.ActiveCfg = Release|Any CPU
		{467E2654-648B-4097-8D4D-657883A021EE}.Release|Any CPU.Build.0 = Release|Any CPU
		{424844D2-259F-4D50-A230-7046C0E882F1}.Debug|Any CPU.ActiveCfg = Debug|Any CPU
		{424844D2-259F-4D50-A230-7046C0E882F1}.Debug|Any CPU.Build.0 = Debug|Any CPU
		{424844D2-259F-4D50-A230-7046C0E882F1}.Release|Any CPU.ActiveCfg = Release|Any CPU
		{424844D2-259F-4D50-A230-7046C0E882F1}.Release|Any CPU.Build.0 = Release|Any CPU
		{E3AD6B52-1F6C-4E21-93AC-62D73DE46FC8}.Debug|Any CPU.ActiveCfg = Debug|Any CPU
		{E3AD6B52-1F6C-4E21-93AC-62D73DE46FC8}.Debug|Any CPU.Build.0 = Debug|Any CPU
		{E3AD6B52-1F6C-4E21-93AC-62D73DE46FC8}.Release|Any CPU.ActiveCfg = Release|Any CPU
		{E3AD6B52-1F6C-4E21-93AC-62D73DE46FC8}.Release|Any CPU.Build.0 = Release|Any CPU
	EndGlobalSection
	GlobalSection(NestedProjects) = preSolution
		{DB6F6E5D-101C-4EBE-B7D6-8C4A0B53416C} = {D225B267-D35D-4782-B5C0-8DB497D83202}
		{467E2654-648B-4097-8D4D-657883A021EE} = {D225B267-D35D-4782-B5C0-8DB497D83202}
		{424844D2-259F-4D50-A230-7046C0E882F1} = {D225B267-D35D-4782-B5C0-8DB497D83202}
		{E3AD6B52-1F6C-4E21-93AC-62D73DE46FC8} = {D225B267-D35D-4782-B5C0-8DB497D83202}
	EndGlobalSection
EndGlobal
